
Microsoft Visual Studio Solution File, Format Version 12.00
# Visual Studio Version 16
VisualStudioVersion = 16.0.30204.135
MinimumVisualStudioVersion = 10.0.40219.1
Project("{888888A0-9F3D-457C-B088-3A5042F75D52}") = "FrontEnd", "FrontEnd.pyproj", "{58C55273-F56A-4FA1-808B-E9C00A56EAA0}"
EndProject
Global
	GlobalSection(SolutionConfigurationPlatforms) = preSolution
		Debug|Any CPU = Debug|Any CPU
		Release|Any CPU = Release|Any CPU
	EndGlobalSection
	GlobalSection(ProjectConfigurationPlatforms) = postSolution
		{58C55273-F56A-4FA1-808B-E9C00A56EAA0}.Debug|Any CPU.ActiveCfg = Debug|Any CPU
		{58C55273-F56A-4FA1-808B-E9C00A56EAA0}.Release|Any CPU.ActiveCfg = Release|Any CPU
	EndGlobalSection
	GlobalSection(SolutionProperties) = preSolution
		HideSolutionNode = FALSE
	EndGlobalSection
	GlobalSection(ExtensibilityGlobals) = postSolution
		SolutionGuid = {E070841F-722F-4311-8382-D6A46A4E1597}
	EndGlobalSection
EndGlobal
